// !$*UTF8*$!
{
	archiveVersion = 1;
	classes = {
	};
	objectVersion = 50;
	objects = {

/* Begin PBXBuildFile section */
		9BB27FB426D52D46007FF5F1 /* SliderTabVIewDemoApp.swift in Sources */ = {isa = PBXBuildFile; fileRef = 9BB27FB326D52D46007FF5F1 /* SliderTabVIewDemoApp.swift */; };
		9BB27FB626D52D46007FF5F1 /* ContentView.swift in Sources */ = {isa = PBXBuildFile; fileRef = 9BB27FB526D52D46007FF5F1 /* ContentView.swift */; };
		9BB27FB826D52D48007FF5F1 /* Assets.xcassets in Resources */ = {isa = PBXBuildFile; fileRef = 9BB27FB726D52D48007FF5F1 /* Assets.xcassets */; };
		9BB27FBB26D52D48007FF5F1 /* Preview Assets.xcassets in Resources */ = {isa = PBXBuildFile; fileRef = 9BB27FBA26D52D48007FF5F1 /* Preview Assets.xcassets */; };
		9BB27FCB26D52E06007FF5F1 /* PageViewBuilder.swift in Sources */ = {isa = PBXBuildFile; fileRef = 9BB27FC626D52E06007FF5F1 /* PageViewBuilder.swift */; };
		9BB27FCC26D52E06007FF5F1 /* HSTabItem.swift in Sources */ = {isa = PBXBuildFile; fileRef = 9BB27FC726D52E06007FF5F1 /* HSTabItem.swift */; };
		9BB27FCD26D52E06007FF5F1 /* Slider.swift in Sources */ = {isa = PBXBuildFile; fileRef = 9BB27FC826D52E06007FF5F1 /* Slider.swift */; };
		9BB27FCE26D52E06007FF5F1 /* HSongSlideTabView.swift in Sources */ = {isa = PBXBuildFile; fileRef = 9BB27FC926D52E06007FF5F1 /* HSongSlideTabView.swift */; };
		9BB27FCF26D52E06007FF5F1 /* Helper.swift in Sources */ = {isa = PBXBuildFile; fileRef = 9BB27FCA26D52E06007FF5F1 /* Helper.swift */; };
		9BB27FD126D52EBE007FF5F1 /* AView.swift in Sources */ = {isa = PBXBuildFile; fileRef = 9BB27FD026D52EBE007FF5F1 /* AView.swift */; };
		9BB27FD326D52EEC007FF5F1 /* BView.swift in Sources */ = {isa = PBXBuildFile; fileRef = 9BB27FD226D52EEC007FF5F1 /* BView.swift */; };
/* End PBXBuildFile section */

/* Begin PBXFileReference section */
		9BB27FB026D52D46007FF5F1 /* SliderTabVIewDemo.app */ = {isa = PBXFileReference; explicitFileType = wrapper.application; includeInIndex = 0; path = SliderTabVIewDemo.app; sourceTree = BUILT_PRODUCTS_DIR; };
		9BB27FB326D52D46007FF5F1 /* SliderTabVIewDemoApp.swift */ = {isa = PBXFileReference; lastKnownFileType = sourcecode.swift; path = SliderTabVIewDemoApp.swift; sourceTree = "<group>"; };
		9BB27FB526D52D46007FF5F1 /* ContentView.swift */ = {isa = PBXFileReference; lastKnownFileType = sourcecode.swift; path = ContentView.swift; sourceTree = "<group>"; };
		9BB27FB726D52D48007FF5F1 /* Assets.xcassets */ = {isa = PBXFileReference; lastKnownFileType = folder.assetcatalog; path = Assets.xcassets; sourceTree = "<group>"; };
		9BB27FBA26D52D48007FF5F1 /* Preview Assets.xcassets */ = {isa = PBXFileReference; lastKnownFileType = folder.assetcatalog; path = "Preview Assets.xcassets"; sourceTree = "<group>"; };
		9BB27FBC26D52D48007FF5F1 /* Info.plist */ = {isa = PBXFileReference; lastKnownFileType = text.plist.xml; path = Info.plist; sourceTree = "<group>"; };
		9BB27FC626D52E06007FF5F1 /* PageViewBuilder.swift */ = {isa = PBXFileReference; fileEncoding = 4; lastKnownFileType = sourcecode.swift; path = PageViewBuilder.swift; sourceTree = "<group>"; };
		9BB27FC726D52E06007FF5F1 /* HSTabItem.swift */ = {isa = PBXFileReference; fileEncoding = 4; lastKnownFileType = sourcecode.swift; path = HSTabItem.swift; sourceTree = "<group>"; };
		9BB27FC826D52E06007FF5F1 /* Slider.swift */ = {isa = PBXFileReference; fileEncoding = 4; lastKnownFileType = sourcecode.swift; path = Slider.swift; sourceTree = "<group>"; };
		9BB27FC926D52E06007FF5F1 /* HSongSlideTabView.swift */ = {isa = PBXFileReference; fileEncoding = 4; lastKnownFileType = sourcecode.swift; path = HSongSlideTabView.swift; sourceTree = "<group>"; };
		9BB27FCA26D52E06007FF5F1 /* Helper.swift */ = {isa = PBXFileReference; fileEncoding = 4; lastKnownFileType = sourcecode.swift; path = Helper.swift; sourceTree = "<group>"; };
		9BB27FD026D52EBE007FF5F1 /* AView.swift */ = {isa = PBXFileReference; lastKnownFileType = sourcecode.swift; path = AView.swift; sourceTree = "<group>"; };
		9BB27FD226D52EEC007FF5F1 /* BView.swift */ = {isa = PBXFileReference; lastKnownFileType = sourcecode.swift; path = BView.swift; sourceTree = "<group>"; };
/* End PBXFileReference section */

/* Begin PBXFrameworksBuildPhase section */
		9BB27FAD26D52D46007FF5F1 /* Frameworks */ = {
			isa = PBXFrameworksBuildPhase;
			buildActionMask = 2147483647;
			files = (
			);
			runOnlyForDeploymentPostprocessing = 0;
		};
/* End PBXFrameworksBuildPhase section */

/* Begin PBXGroup section */
		9BB27FA726D52D46007FF5F1 = {
			isa = PBXGroup;
			children = (
				9BB27FB226D52D46007FF5F1 /* SliderTabVIewDemo */,
				9BB27FB126D52D46007FF5F1 /* Products */,
			);
			sourceTree = "<group>";
		};
		9BB27FB126D52D46007FF5F1 /* Products */ = {
			isa = PBXGroup;
			children = (
				9BB27FB026D52D46007FF5F1 /* SliderTabVIewDemo.app */,
			);
			name = Products;
			sourceTree = "<group>";
		};
		9BB27FB226D52D46007FF5F1 /* SliderTabVIewDemo */ = {
			isa = PBXGroup;
			children = (
				9BB27FC226D52D68007FF5F1 /* Sources */,
				9BB27FB326D52D46007FF5F1 /* SliderTabVIewDemoApp.swift */,
				9BB27FB526D52D46007FF5F1 /* ContentView.swift */,
				9BB27FD026D52EBE007FF5F1 /* AView.swift */,
				9BB27FD226D52EEC007FF5F1 /* BView.swift */,
				9BB27FB726D52D48007FF5F1 /* Assets.xcassets */,
				9BB27FBC26D52D48007FF5F1 /* Info.plist */,
				9BB27FB926D52D48007FF5F1 /* Preview Content */,
			);
			path = SliderTabVIewDemo;
			sourceTree = "<group>";
		};
		9BB27FB926D52D48007FF5F1 /* Preview Content */ = {
			isa = PBXGroup;
			children = (
				9BB27FBA26D52D48007FF5F1 /* Preview Assets.xcassets */,
			);
			path = "Preview Content";
			sourceTree = "<group>";
		};
		9BB27FC226D52D68007FF5F1 /* Sources */ = {
			isa = PBXGroup;
			children = (
				9BB27FC526D52E06007FF5F1 /* HSongSlideTabView */,
			);
			path = Sources;
			sourceTree = "<group>";
		};
		9BB27FC526D52E06007FF5F1 /* HSongSlideTabView */ = {
			isa = PBXGroup;
			children = (
				9BB27FC626D52E06007FF5F1 /* PageViewBuilder.swift */,
				9BB27FC726D52E06007FF5F1 /* HSTabItem.swift */,
				9BB27FC826D52E06007FF5F1 /* Slider.swift */,
				9BB27FC926D52E06007FF5F1 /* HSongSlideTabView.swift */,
				9BB27FCA26D52E06007FF5F1 /* Helper.swift */,
			);
			path = HSongSlideTabView;
			sourceTree = "<group>";
		};
/* End PBXGroup section */

/* Begin PBXNativeTarget section */
		9BB27FAF26D52D46007FF5F1 /* SliderTabVIewDemo */ = {
			isa = PBXNativeTarget;
			buildConfigurationList = 9BB27FBF26D52D48007FF5F1 /* Build configuration list for PBXNativeTarget "SliderTabVIewDemo" */;
			buildPhases = (
				9BB27FAC26D52D46007FF5F1 /* Sources */,
				9BB27FAD26D52D46007FF5F1 /* Frameworks */,
				9BB27FAE26D52D46007FF5F1 /* Resources */,
			);
			buildRules = (
			);
			dependencies = (
			);
			name = SliderTabVIewDemo;
			productName = SliderTabVIewDemo;
			productReference = 9BB27FB026D52D46007FF5F1 /* SliderTabVIewDemo.app */;
			productType = "com.apple.product-type.application";
		};
/* End PBXNativeTarget section */

/* Begin PBXProject section */
		9BB27FA826D52D46007FF5F1 /* Project object */ = {
			isa = PBXProject;
			attributes = {
				LastSwiftUpdateCheck = 1250;
				LastUpgradeCheck = 1250;
				TargetAttributes = {
					9BB27FAF26D52D46007FF5F1 = {
						CreatedOnToolsVersion = 12.5.1;
					};
				};
			};
			buildConfigurationList = 9BB27FAB26D52D46007FF5F1 /* Build configuration list for PBXProject "SliderTabVIewDemo" */;
			compatibilityVersion = "Xcode 9.3";
			developmentRegion = en;
			hasScannedForEncodings = 0;
			knownRegions = (
				en,
				Base,
			);
			mainGroup = 9BB27FA726D52D46007FF5F1;
			productRefGroup = 9BB27FB126D52D46007FF5F1 /* Products */;
			projectDirPath = "";
			projectRoot = "";
			targets = (
				9BB27FAF26D52D46007FF5F1 /* SliderTabVIewDemo */,
			);
		};
/* End PBXProject section */

/* Begin PBXResourcesBuildPhase section */
		9BB27FAE26D52D46007FF5F1 /* Resources */ = {
			isa = PBXResourcesBuildPhase;
			buildActionMask = 2147483647;
			files = (
				9BB27FBB26D52D48007FF5F1 /* Preview Assets.xcassets in Resources */,
				9BB27FB826D52D48007FF5F1 /* Assets.xcassets in Resources */,
			);
			runOnlyForDeploymentPostprocessing = 0;
		};
/* End PBXResourcesBuildPhase section */

/* Begin PBXSourcesBuildPhase section */
		9BB27FAC26D52D46007FF5F1 /* Sources */ = {
			isa = PBXSourcesBuildPhase;
			buildActionMask = 2147483647;
			files = (
				9BB27FCB26D52E06007FF5F1 /* PageViewBuilder.swift in Sources */,
				9BB27FD326D52EEC007FF5F1 /* BView.swift in Sources */,
				9BB27FCF26D52E06007FF5F1 /* Helper.swift in Sources */,
				9BB27FD126D52EBE007FF5F1 /* AView.swift in Sources */,
				9BB27FB626D52D46007FF5F1 /* ContentView.swift in Sources */,
				9BB27FB426D52D46007FF5F1 /* SliderTabVIewDemoApp.swift in Sources */,
				9BB27FCC26D52E06007FF5F1 /* HSTabItem.swift in Sources */,
				9BB27FCD26D52E06007FF5F1 /* Slider.swift in Sources */,
				9BB27FCE26D52E06007FF5F1 /* HSongSlideTabView.swift in Sources */,
			);
			runOnlyForDeploymentPostprocessing = 0;
		};
/* End PBXSourcesBuildPhase section */

/* Begin XCBuildConfiguration section */
		9BB27FBD26D52D48007FF5F1 /* Debug */ = {
			isa = XCBuildConfiguration;
			buildSettings = {
				ALWAYS_SEARCH_USER_PATHS = NO;
				CLANG_ANALYZER_NONNULL = YES;
				CLANG_ANALYZER_NUMBER_OBJECT_CONVERSION = YES_AGGRESSIVE;
				CLANG_CXX_LANGUAGE_STANDARD = "gnu++14";
				CLANG_CXX_LIBRARY = "libc++";
				CLANG_ENABLE_MODULES = YES;
				CLANG_ENABLE_OBJC_ARC = YES;
				CLANG_ENABLE_OBJC_WEAK = YES;
				CLANG_WARN_BLOCK_CAPTURE_AUTORELEASING = YES;
				CLANG_WARN_BOOL_CONVERSION = YES;
				CLANG_WARN_COMMA = YES;
				CLANG_WARN_CONSTANT_CONVERSION = YES;
				CLANG_WARN_DEPRECATED_OBJC_IMPLEMENTATIONS = YES;
				CLANG_WARN_DIRECT_OBJC_ISA_USAGE = YES_ERROR;
				CLANG_WARN_DOCUMENTATION_COMMENTS = YES;
				CLANG_WARN_EMPTY_BODY = YES;
				CLANG_WARN_ENUM_CONVERSION = YES;
				CLANG_WARN_INFINITE_RECURSION = YES;
				CLANG_WARN_INT_CONVERSION = YES;
				CLANG_WARN_NON_LITERAL_NULL_CONVERSION = YES;
				CLANG_WARN_OBJC_IMPLICIT_RETAIN_SELF = YES;
				CLANG_WARN_OBJC_LITERAL_CONVERSION = YES;
				CLANG_WARN_OBJC_ROOT_CLASS = YES_ERROR;
				CLANG_WARN_QUOTED_INCLUDE_IN_FRAMEWORK_HEADER = YES;
				CLANG_WARN_RANGE_LOOP_ANALYSIS = YES;
				CLANG_WARN_STRICT_PROTOTYPES = YES;
				CLANG_WARN_SUSPICIOUS_MOVE = YES;
				CLANG_WARN_UNGUARDED_AVAILABILITY = YES_AGGRESSIVE;
				CLANG_WARN_UNREACHABLE_CODE = YES;
				CLANG_WARN__DUPLICATE_METHOD_MATCH = YES;
				COPY_PHASE_STRIP = NO;
				DEBUG_INFORMATION_FORMAT = dwarf;
				ENABLE_STRICT_OBJC_MSGSEND = YES;
				ENABLE_TESTABILITY = YES;
				GCC_C_LANGUAGE_STANDARD = gnu11;
				GCC_DYNAMIC_NO_PIC = NO;
				GCC_NO_COMMON_BLOCKS = YES;
				GCC_OPTIMIZATION_LEVEL = 0;
				GCC_PREPROCESSOR_DEFINITIONS = (
					"DEBUG=1",
					"$(inherited)",
				);
				GCC_WARN_64_TO_32_BIT_CONVERSION = YES;
				GCC_WARN_ABOUT_RETURN_TYPE = YES_ERROR;
				GCC_WARN_UNDECLARED_SELECTOR = YES;
				GCC_WARN_UNINITIALIZED_AUTOS = YES_AGGRESSIVE;
				GCC_WARN_UNUSED_FUNCTION = YES;
				GCC_WARN_UNUSED_VARIABLE = YES;
				IPHONEOS_DEPLOYMENT_TARGET = 14.5;
				MTL_ENABLE_DEBUG_INFO = INCLUDE_SOURCE;
				MTL_FAST_MATH = YES;
				ONLY_ACTIVE_ARCH = YES;
				SDKROOT = iphoneos;
				SWIFT_ACTIVE_COMPILATION_CONDITIONS = DEBUG;
				SWIFT_OPTIMIZATION_LEVEL = "-Onone";
			};
			name = Debug;
		};
		9BB27FBE26D52D48007FF5F1 /* Release */ = {
			isa = XCBuildConfiguration;
			buildSettings = {
				ALWAYS_SEARCH_USER_PATHS = NO;
				CLANG_ANALYZER_NONNULL = YES;
				CLANG_ANALYZER_NUMBER_OBJECT_CONVERSION = YES_AGGRESSIVE;
				CLANG_CXX_LANGUAGE_STANDARD = "gnu++14";
				CLANG_CXX_LIBRARY = "libc++";
				CLANG_ENABLE_MODULES = YES;
				CLANG_ENABLE_OBJC_ARC = YES;
				CLANG_ENABLE_OBJC_WEAK = YES;
				CLANG_WARN_BLOCK_CAPTURE_AUTORELEASING = YES;
				CLANG_WARN_BOOL_CONVERSION = YES;
				CLANG_WARN_COMMA = YES;
				CLANG_WARN_CONSTANT_CONVERSION = YES;
				CLANG_WARN_DEPRECATED_OBJC_IMPLEMENTATIONS = YES;
				CLANG_WARN_DIRECT_OBJC_ISA_USAGE = YES_ERROR;
				CLANG_WARN_DOCUMENTATION_COMMENTS = YES;
				CLANG_WARN_EMPTY_BODY = YES;
				CLANG_WARN_ENUM_CONVERSION = YES;
				CLANG_WARN_INFINITE_RECURSION = YES;
				CLANG_WARN_INT_CONVERSION = YES;
				CLANG_WARN_NON_LITERAL_NULL_CONVERSION = YES;
				CLANG_WARN_OBJC_IMPLICIT_RETAIN_SELF = YES;
				CLANG_WARN_OBJC_LITERAL_CONVERSION = YES;
				CLANG_WARN_OBJC_ROOT_CLASS = YES_ERROR;
				CLANG_WARN_QUOTED_INCLUDE_IN_FRAMEWORK_HEADER = YES;
				CLANG_WARN_RANGE_LOOP_ANALYSIS = YES;
				CLANG_WARN_STRICT_PROTOTYPES = YES;
				CLANG_WARN_SUSPICIOUS_MOVE = YES;
				CLANG_WARN_UNGUARDED_AVAILABILITY = YES_AGGRESSIVE;
				CLANG_WARN_UNREACHABLE_CODE = YES;
				CLANG_WARN__DUPLICATE_METHOD_MATCH = YES;
				COPY_PHASE_STRIP = NO;
				DEBUG_INFORMATION_FORMAT = "dwarf-with-dsym";
				ENABLE_NS_ASSERTIONS = NO;
				ENABLE_STRICT_OBJC_MSGSEND = YES;
				GCC_C_LANGUAGE_STANDARD = gnu11;
				GCC_NO_COMMON_BLOCKS = YES;
				GCC_WARN_64_TO_32_BIT_CONVERSION = YES;
				GCC_WARN_ABOUT_RETURN_TYPE = YES_ERROR;
				GCC_WARN_UNDECLARED_SELECTOR = YES;
				GCC_WARN_UNINITIALIZED_AUTOS = YES_AGGRESSIVE;
				GCC_WARN_UNUSED_FUNCTION = YES;
				GCC_WARN_UNUSED_VARIABLE = YES;
				IPHONEOS_DEPLOYMENT_TARGET = 14.5;
				MTL_ENABLE_DEBUG_INFO = NO;
				MTL_FAST_MATH = YES;
				SDKROOT = iphoneos;
				SWIFT_COMPILATION_MODE = wholemodule;
				SWIFT_OPTIMIZATION_LEVEL = "-O";
				VALIDATE_PRODUCT = YES;
			};
			name = Release;
		};
		9BB27FC026D52D48007FF5F1 /* Debug */ = {
			isa = XCBuildConfiguration;
			buildSettings = {
				ASSETCATALOG_COMPILER_APPICON_NAME = AppIcon;
				ASSETCATALOG_COMPILER_GLOBAL_ACCENT_COLOR_NAME = AccentColor;
				CODE_SIGN_STYLE = Automatic;
				DEVELOPMENT_ASSET_PATHS = "\"SliderTabVIewDemo/Preview Content\"";
				DEVELOPMENT_TEAM = 65X6LUDA9F;
				ENABLE_PREVIEWS = YES;
				INFOPLIST_FILE = SliderTabVIewDemo/Info.plist;
				IPHONEOS_DEPLOYMENT_TARGET = 14.0;
				LD_RUNPATH_SEARCH_PATHS = (
					"$(inherited)",
					"@executable_path/Frameworks",
				);
				PRODUCT_BUNDLE_IDENTIFIER = wonly.SliderTabVIewDemo;
				PRODUCT_NAME = "$(TARGET_NAME)";
				SWIFT_VERSION = 5.0;
				TARGETED_DEVICE_FAMILY = "1,2";
			};
			name = Debug;
		};
		9BB27FC126D52D48007FF5F1 /* Release */ = {
			isa = XCBuildConfiguration;
			buildSettings = {
				ASSETCATALOG_COMPILER_APPICON_NAME = AppIcon;
				ASSETCATALOG_COMPILER_GLOBAL_ACCENT_COLOR_NAME = AccentColor;
				CODE_SIGN_STYLE = Automatic;
				DEVELOPMENT_ASSET_PATHS = "\"SliderTabVIewDemo/Preview Content\"";
				DEVELOPMENT_TEAM = 65X6LUDA9F;
				ENABLE_PREVIEWS = YES;
				INFOPLIST_FILE = SliderTabVIewDemo/Info.plist;
				IPHONEOS_DEPLOYMENT_TARGET = 14.0;
				LD_RUNPATH_SEARCH_PATHS = (
					"$(inherited)",
					"@executable_path/Frameworks",
				);
				PRODUCT_BUNDLE_IDENTIFIER = wonly.SliderTabVIewDemo;
				PRODUCT_NAME = "$(TARGET_NAME)";
				SWIFT_VERSION = 5.0;
				TARGETED_DEVICE_FAMILY = "1,2";
			};
			name = Release;
		};
/* End XCBuildConfiguration section */

/* Begin XCConfigurationList section */
		9BB27FAB26D52D46007FF5F1 /* Build configuration list for PBXProject "SliderTabVIewDemo" */ = {
			isa = XCConfigurationList;
			buildConfigurations = (
				9BB27FBD26D52D48007FF5F1 /* Debug */,
				9BB27FBE26D52D48007FF5F1 /* Release */,
			);
			defaultConfigurationIsVisible = 0;
			defaultConfigurationName = Release;
		};
		9BB27FBF26D52D48007FF5F1 /* Build configuration list for PBXNativeTarget "SliderTabVIewDemo" */ = {
			isa = XCConfigurationList;
			buildConfigurations = (
				9BB27FC026D52D48007FF5F1 /* Debug */,
				9BB27FC126D52D48007FF5F1 /* Release */,
			);
			defaultConfigurationIsVisible = 0;
			defaultConfigurationName = Release;
		};
/* End XCConfigurationList section */
	};
	rootObject = 9BB27FA826D52D46007FF5F1 /* Project object */;
}
